// !$*UTF8*$!
{
	archiveVersion = 1;
	classes = {
	};
	objectVersion = 46;
	objects = {

/* Begin PBXBuildFile section */
		2A3C8EE21C1F25F1004BEBA3 /* AppDelegate.swift in Sources */ = {isa = PBXBuildFile; fileRef = 2A3C8EE11C1F25F1004BEBA3 /* AppDelegate.swift */; };
		2A3C8EE41C1F25F1004BEBA3 /* ViewController.swift in Sources */ = {isa = PBXBuildFile; fileRef = 2A3C8EE31C1F25F1004BEBA3 /* ViewController.swift */; };
		2A3C8EE71C1F25F1004BEBA3 /* Main.storyboard in Resources */ = {isa = PBXBuildFile; fileRef = 2A3C8EE51C1F25F1004BEBA3 /* Main.storyboard */; };
		2A3C8EE91C1F25F1004BEBA3 /* Assets.xcassets in Resources */ = {isa = PBXBuildFile; fileRef = 2A3C8EE81C1F25F1004BEBA3 /* Assets.xcassets */; };
		2A3C8EEC1C1F25F1004BEBA3 /* LaunchScreen.storyboard in Resources */ = {isa = PBXBuildFile; fileRef = 2A3C8EEA1C1F25F1004BEBA3 /* LaunchScreen.storyboard */; };
		2A3C8EF71C1F25F1004BEBA3 /* Super_coolTests.swift in Sources */ = {isa = PBXBuildFile; fileRef = 2A3C8EF61C1F25F1004BEBA3 /* Super_coolTests.swift */; };
		2A3C8F021C1F25F1004BEBA3 /* Super_coolUITests.swift in Sources */ = {isa = PBXBuildFile; fileRef = 2A3C8F011C1F25F1004BEBA3 /* Super_coolUITests.swift */; };
/* End PBXBuildFile section */

/* Begin PBXContainerItemProxy section */
		2A3C8EF31C1F25F1004BEBA3 /* PBXContainerItemProxy */ = {
			isa = PBXContainerItemProxy;
			containerPortal = 2A3C8ED61C1F25F1004BEBA3 /* Project object */;
			proxyType = 1;
			remoteGlobalIDString = 2A3C8EDD1C1F25F1004BEBA3;
			remoteInfo = "Super cool";
		};
		2A3C8EFE1C1F25F1004BEBA3 /* PBXContainerItemProxy */ = {
			isa = PBXContainerItemProxy;
			containerPortal = 2A3C8ED61C1F25F1004BEBA3 /* Project object */;
			proxyType = 1;
			remoteGlobalIDString = 2A3C8EDD1C1F25F1004BEBA3;
			remoteInfo = "Super cool";
		};
/* End PBXContainerItemProxy section */

/* Begin PBXFileReference section */
		2A3C8EDE1C1F25F1004BEBA3 /* Super cool.app */ = {isa = PBXFileReference; explicitFileType = wrapper.application; includeInIndex = 0; path = "Super cool.app"; sourceTree = BUILT_PRODUCTS_DIR; };
		2A3C8EE11C1F25F1004BEBA3 /* AppDelegate.swift */ = {isa = PBXFileReference; lastKnownFileType = sourcecode.swift; path = AppDelegate.swift; sourceTree = "<group>"; };
		2A3C8EE31C1F25F1004BEBA3 /* ViewController.swift */ = {isa = PBXFileReference; lastKnownFileType = sourcecode.swift; path = ViewController.swift; sourceTree = "<group>"; };
		2A3C8EE61C1F25F1004BEBA3 /* Base */ = {isa = PBXFileReference; lastKnownFileType = file.storyboard; name = Base; path = Base.lproj/Main.storyboard; sourceTree = "<group>"; };
		2A3C8EE81C1F25F1004BEBA3 /* Assets.xcassets */ = {isa = PBXFileReference; lastKnownFileType = folder.assetcatalog; path = Assets.xcassets; sourceTree = "<group>"; };
		2A3C8EEB1C1F25F1004BEBA3 /* Base */ = {isa = PBXFileReference; lastKnownFileType = file.storyboard; name = Base; path = Base.lproj/LaunchScreen.storyboard; sourceTree = "<group>"; };
		2A3C8EED1C1F25F1004BEBA3 /* Info.plist */ = {isa = PBXFileReference; lastKnownFileType = text.plist.xml; path = Info.plist; sourceTree = "<group>"; };
		2A3C8EF21C1F25F1004BEBA3 /* Super coolTests.xctest */ = {isa = PBXFileReference; explicitFileType = wrapper.cfbundle; includeInIndex = 0; path = "Super coolTests.xctest"; sourceTree = BUILT_PRODUCTS_DIR; };
		2A3C8EF61C1F25F1004BEBA3 /* Super_coolTests.swift */ = {isa = PBXFileReference; lastKnownFileType = sourcecode.swift; path = Super_coolTests.swift; sourceTree = "<group>"; };
		2A3C8EF81C1F25F1004BEBA3 /* Info.plist */ = {isa = PBXFileReference; lastKnownFileType = text.plist.xml; path = Info.plist; sourceTree = "<group>"; };
		2A3C8EFD1C1F25F1004BEBA3 /* Super coolUITests.xctest */ = {isa = PBXFileReference; explicitFileType = wrapper.cfbundle; includeInIndex = 0; path = "Super coolUITests.xctest"; sourceTree = BUILT_PRODUCTS_DIR; };
		2A3C8F011C1F25F1004BEBA3 /* Super_coolUITests.swift */ = {isa = PBXFileReference; lastKnownFileType = sourcecode.swift; path = Super_coolUITests.swift; sourceTree = "<group>"; };
		2A3C8F031C1F25F1004BEBA3 /* Info.plist */ = {isa = PBXFileReference; lastKnownFileType = text.plist.xml; path = Info.plist; sourceTree = "<group>"; };
/* End PBXFileReference section */

/* Begin PBXFrameworksBuildPhase section */
		2A3C8EDB1C1F25F1004BEBA3 /* Frameworks */ = {
			isa = PBXFrameworksBuildPhase;
			buildActionMask = 2147483647;
			files = (
			);
			runOnlyForDeploymentPostprocessing = 0;
		};
		2A3C8EEF1C1F25F1004BEBA3 /* Frameworks */ = {
			isa = PBXFrameworksBuildPhase;
			buildActionMask = 2147483647;
			files = (
			);
			runOnlyForDeploymentPostprocessing = 0;
		};
		2A3C8EFA1C1F25F1004BEBA3 /* Frameworks */ = {
			isa = PBXFrameworksBuildPhase;
			buildActionMask = 2147483647;
			files = (
			);
			runOnlyForDeploymentPostprocessing = 0;
		};
/* End PBXFrameworksBuildPhase section */

/* Begin PBXGroup section */
		2A3C8ED51C1F25F1004BEBA3 = {
			isa = PBXGroup;
			children = (
				2A3C8EE01C1F25F1004BEBA3 /* Super cool */,
				2A3C8EF51C1F25F1004BEBA3 /* Super coolTests */,
				2A3C8F001C1F25F1004BEBA3 /* Super coolUITests */,
				2A3C8EDF1C1F25F1004BEBA3 /* Products */,
			);
			sourceTree = "<group>";
		};
		2A3C8EDF1C1F25F1004BEBA3 /* Products */ = {
			isa = PBXGroup;
			children = (
				2A3C8EDE1C1F25F1004BEBA3 /* Super cool.app */,
				2A3C8EF21C1F25F1004BEBA3 /* Super coolTests.xctest */,
				2A3C8EFD1C1F25F1004BEBA3 /* Super coolUITests.xctest */,
			);
			name = Products;
			sourceTree = "<group>";
		};
		2A3C8EE01C1F25F1004BEBA3 /* Super cool */ = {
			isa = PBXGroup;
			children = (
				2A3C8EE11C1F25F1004BEBA3 /* AppDelegate.swift */,
				2A3C8EE31C1F25F1004BEBA3 /* ViewController.swift */,
				2A3C8EE51C1F25F1004BEBA3 /* Main.storyboard */,
				2A3C8EE81C1F25F1004BEBA3 /* Assets.xcassets */,
				2A3C8EEA1C1F25F1004BEBA3 /* LaunchScreen.storyboard */,
				2A3C8EED1C1F25F1004BEBA3 /* Info.plist */,
			);
			path = "Super cool";
			sourceTree = "<group>";
		};
		2A3C8EF51C1F25F1004BEBA3 /* Super coolTests */ = {
			isa = PBXGroup;
			children = (
				2A3C8EF61C1F25F1004BEBA3 /* Super_coolTests.swift */,
				2A3C8EF81C1F25F1004BEBA3 /* Info.plist */,
			);
			path = "Super coolTests";
			sourceTree = "<group>";
		};
		2A3C8F001C1F25F1004BEBA3 /* Super coolUITests */ = {
			isa = PBXGroup;
			children = (
				2A3C8F011C1F25F1004BEBA3 /* Super_coolUITests.swift */,
				2A3C8F031C1F25F1004BEBA3 /* Info.plist */,
			);
			path = "Super coolUITests";
			sourceTree = "<group>";
		};
/* End PBXGroup section */

/* Begin PBXNativeTarget section */
		2A3C8EDD1C1F25F1004BEBA3 /* Super cool */ = {
			isa = PBXNativeTarget;
			buildConfigurationList = 2A3C8F061C1F25F1004BEBA3 /* Build configuration list for PBXNativeTarget "Super cool" */;
			buildPhases = (
				2A3C8EDA1C1F25F1004BEBA3 /* Sources */,
				2A3C8EDB1C1F25F1004BEBA3 /* Frameworks */,
				2A3C8EDC1C1F25F1004BEBA3 /* Resources */,
			);
			buildRules = (
			);
			dependencies = (
			);
			name = "Super cool";
			productName = "Super cool";
			productReference = 2A3C8EDE1C1F25F1004BEBA3 /* Super cool.app */;
			productType = "com.apple.product-type.application";
		};
		2A3C8EF11C1F25F1004BEBA3 /* Super coolTests */ = {
			isa = PBXNativeTarget;
			buildConfigurationList = 2A3C8F091C1F25F1004BEBA3 /* Build configuration list for PBXNativeTarget "Super coolTests" */;
			buildPhases = (
				2A3C8EEE1C1F25F1004BEBA3 /* Sources */,
				2A3C8EEF1C1F25F1004BEBA3 /* Frameworks */,
				2A3C8EF01C1F25F1004BEBA3 /* Resources */,
			);
			buildRules = (
			);
			dependencies = (
				2A3C8EF41C1F25F1004BEBA3 /* PBXTargetDependency */,
			);
			name = "Super coolTests";
			productName = "Super coolTests";
			productReference = 2A3C8EF21C1F25F1004BEBA3 /* Super coolTests.xctest */;
			productType = "com.apple.product-type.bundle.unit-test";
		};
		2A3C8EFC1C1F25F1004BEBA3 /* Super coolUITests */ = {
			isa = PBXNativeTarget;
			buildConfigurationList = 2A3C8F0C1C1F25F1004BEBA3 /* Build configuration list for PBXNativeTarget "Super coolUITests" */;
			buildPhases = (
				2A3C8EF91C1F25F1004BEBA3 /* Sources */,
				2A3C8EFA1C1F25F1004BEBA3 /* Frameworks */,
				2A3C8EFB1C1F25F1004BEBA3 /* Resources */,
			);
			buildRules = (
			);
			dependencies = (
				2A3C8EFF1C1F25F1004BEBA3 /* PBXTargetDependency */,
			);
			name = "Super coolUITests";
			productName = "Super coolUITests";
			productReference = 2A3C8EFD1C1F25F1004BEBA3 /* Super coolUITests.xctest */;
			productType = "com.apple.product-type.bundle.ui-testing";
		};
/* End PBXNativeTarget section */

/* Begin PBXProject section */
		2A3C8ED61C1F25F1004BEBA3 /* Project object */ = {
			isa = PBXProject;
			attributes = {
				LastSwiftUpdateCheck = 0710;
				LastUpgradeCheck = 0710;
				ORGANIZATIONNAME = "Bernard Lupini";
				TargetAttributes = {
					2A3C8EDD1C1F25F1004BEBA3 = {
						CreatedOnToolsVersion = 7.1.1;
					};
					2A3C8EF11C1F25F1004BEBA3 = {
						CreatedOnToolsVersion = 7.1.1;
						TestTargetID = 2A3C8EDD1C1F25F1004BEBA3;
					};
					2A3C8EFC1C1F25F1004BEBA3 = {
						CreatedOnToolsVersion = 7.1.1;
						TestTargetID = 2A3C8EDD1C1F25F1004BEBA3;
					};
				};
			};
			buildConfigurationList = 2A3C8ED91C1F25F1004BEBA3 /* Build configuration list for PBXProject "Super cool" */;
			compatibilityVersion = "Xcode 3.2";
			developmentRegion = English;
			hasScannedForEncodings = 0;
			knownRegions = (
				en,
				Base,
			);
			mainGroup = 2A3C8ED51C1F25F1004BEBA3;
			productRefGroup = 2A3C8EDF1C1F25F1004BEBA3 /* Products */;
			projectDirPath = "";
			projectRoot = "";
			targets = (
				2A3C8EDD1C1F25F1004BEBA3 /* Super cool */,
				2A3C8EF11C1F25F1004BEBA3 /* Super coolTests */,
				2A3C8EFC1C1F25F1004BEBA3 /* Super coolUITests */,
			);
		};
/* End PBXProject section */

/* Begin PBXResourcesBuildPhase section */
		2A3C8EDC1C1F25F1004BEBA3 /* Resources */ = {
			isa = PBXResourcesBuildPhase;
			buildActionMask = 2147483647;
			files = (
				2A3C8EEC1C1F25F1004BEBA3 /* LaunchScreen.storyboard in Resources */,
				2A3C8EE91C1F25F1004BEBA3 /* Assets.xcassets in Resources */,
				2A3C8EE71C1F25F1004BEBA3 /* Main.storyboard in Resources */,
			);
			runOnlyForDeploymentPostprocessing = 0;
		};
		2A3C8EF01C1F25F1004BEBA3 /* Resources */ = {
			isa = PBXResourcesBuildPhase;
			buildActionMask = 2147483647;
			files = (
			);
			runOnlyForDeploymentPostprocessing = 0;
		};
		2A3C8EFB1C1F25F1004BEBA3 /* Resources */ = {
			isa = PBXResourcesBuildPhase;
			buildActionMask = 2147483647;
			files = (
			);
			runOnlyForDeploymentPostprocessing = 0;
		};
/* End PBXResourcesBuildPhase section */

/* Begin PBXSourcesBuildPhase section */
		2A3C8EDA1C1F25F1004BEBA3 /* Sources */ = {
			isa = PBXSourcesBuildPhase;
			buildActionMask = 2147483647;
			files = (
				2A3C8EE41C1F25F1004BEBA3 /* ViewController.swift in Sources */,
				2A3C8EE21C1F25F1004BEBA3 /* AppDelegate.swift in Sources */,
			);
			runOnlyForDeploymentPostprocessing = 0;
		};
		2A3C8EEE1C1F25F1004BEBA3 /* Sources */ = {
			isa = PBXSourcesBuildPhase;
			buildActionMask = 2147483647;
			files = (
				2A3C8EF71C1F25F1004BEBA3 /* Super_coolTests.swift in Sources */,
			);
			runOnlyForDeploymentPostprocessing = 0;
		};
		2A3C8EF91C1F25F1004BEBA3 /* Sources */ = {
			isa = PBXSourcesBuildPhase;
			buildActionMask = 2147483647;
			files = (
				2A3C8F021C1F25F1004BEBA3 /* Super_coolUITests.swift in Sources */,
			);
			runOnlyForDeploymentPostprocessing = 0;
		};
/* End PBXSourcesBuildPhase section */

/* Begin PBXTargetDependency section */
		2A3C8EF41C1F25F1004BEBA3 /* PBXTargetDependency */ = {
			isa = PBXTargetDependency;
			target = 2A3C8EDD1C1F25F1004BEBA3 /* Super cool */;
			targetProxy = 2A3C8EF31C1F25F1004BEBA3 /* PBXContainerItemProxy */;
		};
		2A3C8EFF1C1F25F1004BEBA3 /* PBXTargetDependency */ = {
			isa = PBXTargetDependency;
			target = 2A3C8EDD1C1F25F1004BEBA3 /* Super cool */;
			targetProxy = 2A3C8EFE1C1F25F1004BEBA3 /* PBXContainerItemProxy */;
		};
/* End PBXTargetDependency section */

/* Begin PBXVariantGroup section */
		2A3C8EE51C1F25F1004BEBA3 /* Main.storyboard */ = {
			isa = PBXVariantGroup;
			children = (
				2A3C8EE61C1F25F1004BEBA3 /* Base */,
			);
			name = Main.storyboard;
			sourceTree = "<group>";
		};
		2A3C8EEA1C1F25F1004BEBA3 /* LaunchScreen.storyboard */ = {
			isa = PBXVariantGroup;
			children = (
				2A3C8EEB1C1F25F1004BEBA3 /* Base */,
			);
			name = LaunchScreen.storyboard;
			sourceTree = "<group>";
		};
/* End PBXVariantGroup section */

/* Begin XCBuildConfiguration section */
		2A3C8F041C1F25F1004BEBA3 /* Debug */ = {
			isa = XCBuildConfiguration;
			buildSettings = {
				ALWAYS_SEARCH_USER_PATHS = NO;
				CLANG_CXX_LANGUAGE_STANDARD = "gnu++0x";
				CLANG_CXX_LIBRARY = "libc++";
				CLANG_ENABLE_MODULES = YES;
				CLANG_ENABLE_OBJC_ARC = YES;
				CLANG_WARN_BOOL_CONVERSION = YES;
				CLANG_WARN_CONSTANT_CONVERSION = YES;
				CLANG_WARN_DIRECT_OBJC_ISA_USAGE = YES_ERROR;
				CLANG_WARN_EMPTY_BODY = YES;
				CLANG_WARN_ENUM_CONVERSION = YES;
				CLANG_WARN_INT_CONVERSION = YES;
				CLANG_WARN_OBJC_ROOT_CLASS = YES_ERROR;
				CLANG_WARN_UNREACHABLE_CODE = YES;
				CLANG_WARN__DUPLICATE_METHOD_MATCH = YES;
				"CODE_SIGN_IDENTITY[sdk=iphoneos*]" = "iPhone Developer";
				COPY_PHASE_STRIP = NO;
				DEBUG_INFORMATION_FORMAT = dwarf;
				ENABLE_STRICT_OBJC_MSGSEND = YES;
				ENABLE_TESTABILITY = YES;
				GCC_C_LANGUAGE_STANDARD = gnu99;
				GCC_DYNAMIC_NO_PIC = NO;
				GCC_NO_COMMON_BLOCKS = YES;
				GCC_OPTIMIZATION_LEVEL = 0;
				GCC_PREPROCESSOR_DEFINITIONS = (
					"DEBUG=1",
					"$(inherited)",
				);
				GCC_WARN_64_TO_32_BIT_CONVERSION = YES;
				GCC_WARN_ABOUT_RETURN_TYPE = YES_ERROR;
				GCC_WARN_UNDECLARED_SELECTOR = YES;
				GCC_WARN_UNINITIALIZED_AUTOS = YES_AGGRESSIVE;
				GCC_WARN_UNUSED_FUNCTION = YES;
				GCC_WARN_UNUSED_VARIABLE = YES;
				IPHONEOS_DEPLOYMENT_TARGET = 9.1;
				MTL_ENABLE_DEBUG_INFO = YES;
				ONLY_ACTIVE_ARCH = YES;
				SDKROOT = iphoneos;
				SWIFT_OPTIMIZATION_LEVEL = "-Onone";
			};
			name = Debug;
		};
		2A3C8F051C1F25F1004BEBA3 /* Release */ = {
			isa = XCBuildConfiguration;
			buildSettings = {
				ALWAYS_SEARCH_USER_PATHS = NO;
				CLANG_CXX_LANGUAGE_STANDARD = "gnu++0x";
				CLANG_CXX_LIBRARY = "libc++";
				CLANG_ENABLE_MODULES = YES;
				CLANG_ENABLE_OBJC_ARC = YES;
				CLANG_WARN_BOOL_CONVERSION = YES;
				CLANG_WARN_CONSTANT_CONVERSION = YES;
				CLANG_WARN_DIRECT_OBJC_ISA_USAGE = YES_ERROR;
				CLANG_WARN_EMPTY_BODY = YES;
				CLANG_WARN_ENUM_CONVERSION = YES;
				CLANG_WARN_INT_CONVERSION = YES;
				CLANG_WARN_OBJC_ROOT_CLASS = YES_ERROR;
				CLANG_WARN_UNREACHABLE_CODE = YES;
				CLANG_WARN__DUPLICATE_METHOD_MATCH = YES;
				"CODE_SIGN_IDENTITY[sdk=iphoneos*]" = "iPhone Developer";
				COPY_PHASE_STRIP = NO;
				DEBUG_INFORMATION_FORMAT = "dwarf-with-dsym";
				ENABLE_NS_ASSERTIONS = NO;
				ENABLE_STRICT_OBJC_MSGSEND = YES;
				GCC_C_LANGUAGE_STANDARD = gnu99;
				GCC_NO_COMMON_BLOCKS = YES;
				GCC_WARN_64_TO_32_BIT_CONVERSION = YES;
				GCC_WARN_ABOUT_RETURN_TYPE = YES_ERROR;
				GCC_WARN_UNDECLARED_SELECTOR = YES;
				GCC_WARN_UNINITIALIZED_AUTOS = YES_AGGRESSIVE;
				GCC_WARN_UNUSED_FUNCTION = YES;
				GCC_WARN_UNUSED_VARIABLE = YES;
				IPHONEOS_DEPLOYMENT_TARGET = 9.1;
				MTL_ENABLE_DEBUG_INFO = NO;
				SDKROOT = iphoneos;
				VALIDATE_PRODUCT = YES;
			};
			name = Release;
		};
		2A3C8F071C1F25F1004BEBA3 /* Debug */ = {
			isa = XCBuildConfiguration;
			buildSettings = {
				ASSETCATALOG_COMPILER_APPICON_NAME = AppIcon;
				INFOPLIST_FILE = "Super cool/Info.plist";
				LD_RUNPATH_SEARCH_PATHS = "$(inherited) @executable_path/Frameworks";
				PRODUCT_BUNDLE_IDENTIFIER = "com.bernard.Super-cool";
				PRODUCT_NAME = "$(TARGET_NAME)";
			};
			name = Debug;
		};
		2A3C8F081C1F25F1004BEBA3 /* Release */ = {
			isa = XCBuildConfiguration;
			buildSettings = {
				ASSETCATALOG_COMPILER_APPICON_NAME = AppIcon;
				INFOPLIST_FILE = "Super cool/Info.plist";
				LD_RUNPATH_SEARCH_PATHS = "$(inherited) @executable_path/Frameworks";
				PRODUCT_BUNDLE_IDENTIFIER = "com.bernard.Super-cool";
				PRODUCT_NAME = "$(TARGET_NAME)";
			};
			name = Release;
		};
		2A3C8F0A1C1F25F1004BEBA3 /* Debug */ = {
			isa = XCBuildConfiguration;
			buildSettings = {
				BUNDLE_LOADER = "$(TEST_HOST)";
				INFOPLIST_FILE = "Super coolTests/Info.plist";
				LD_RUNPATH_SEARCH_PATHS = "$(inherited) @executable_path/Frameworks @loader_path/Frameworks";
				PRODUCT_BUNDLE_IDENTIFIER = "com.bernard.Super-coolTests";
				PRODUCT_NAME = "$(TARGET_NAME)";
				TEST_HOST = "$(BUILT_PRODUCTS_DIR)/Super cool.app/Super cool";
			};
			name = Debug;
		};
		2A3C8F0B1C1F25F1004BEBA3 /* Release */ = {
			isa = XCBuildConfiguration;
			buildSettings = {
				BUNDLE_LOADER = "$(TEST_HOST)";
				INFOPLIST_FILE = "Super coolTests/Info.plist";
				LD_RUNPATH_SEARCH_PATHS = "$(inherited) @executable_path/Frameworks @loader_path/Frameworks";
				PRODUCT_BUNDLE_IDENTIFIER = "com.bernard.Super-coolTests";
				PRODUCT_NAME = "$(TARGET_NAME)";
				TEST_HOST = "$(BUILT_PRODUCTS_DIR)/Super cool.app/Super cool";
			};
			name = Release;
		};
		2A3C8F0D1C1F25F1004BEBA3 /* Debug */ = {
			isa = XCBuildConfiguration;
			buildSettings = {
				INFOPLIST_FILE = "Super coolUITests/Info.plist";
				LD_RUNPATH_SEARCH_PATHS = "$(inherited) @executable_path/Frameworks @loader_path/Frameworks";
				PRODUCT_BUNDLE_IDENTIFIER = "com.bernard.Super-coolUITests";
				PRODUCT_NAME = "$(TARGET_NAME)";
				TEST_TARGET_NAME = "Super cool";
				USES_XCTRUNNER = YES;
			};
			name = Debug;
		};
		2A3C8F0E1C1F25F1004BEBA3 /* Release */ = {
			isa = XCBuildConfiguration;
			buildSettings = {
				INFOPLIST_FILE = "Super coolUITests/Info.plist";
				LD_RUNPATH_SEARCH_PATHS = "$(inherited) @executable_path/Frameworks @loader_path/Frameworks";
				PRODUCT_BUNDLE_IDENTIFIER = "com.bernard.Super-coolUITests";
				PRODUCT_NAME = "$(TARGET_NAME)";
				TEST_TARGET_NAME = "Super cool";
				USES_XCTRUNNER = YES;
			};
			name = Release;
		};
/* End XCBuildConfiguration section */

/* Begin XCConfigurationList section */
		2A3C8ED91C1F25F1004BEBA3 /* Build configuration list for PBXProject "Super cool" */ = {
			isa = XCConfigurationList;
			buildConfigurations = (
				2A3C8F041C1F25F1004BEBA3 /* Debug */,
				2A3C8F051C1F25F1004BEBA3 /* Release */,
			);
			defaultConfigurationIsVisible = 0;
			defaultConfigurationName = Release;
		};
		2A3C8F061C1F25F1004BEBA3 /* Build configuration list for PBXNativeTarget "Super cool" */ = {
			isa = XCConfigurationList;
			buildConfigurations = (
				2A3C8F071C1F25F1004BEBA3 /* Debug */,
				2A3C8F081C1F25F1004BEBA3 /* Release */,
			);
			defaultConfigurationIsVisible = 0;
		};
		2A3C8F091C1F25F1004BEBA3 /* Build configuration list for PBXNativeTarget "Super coolTests" */ = {
			isa = XCConfigurationList;
			buildConfigurations = (
				2A3C8F0A1C1F25F1004BEBA3 /* Debug */,
				2A3C8F0B1C1F25F1004BEBA3 /* Release */,
			);
			defaultConfigurationIsVisible = 0;
		};
		2A3C8F0C1C1F25F1004BEBA3 /* Build configuration list for PBXNativeTarget "Super coolUITests" */ = {
			isa = XCConfigurationList;
			buildConfigurations = (
				2A3C8F0D1C1F25F1004BEBA3 /* Debug */,
				2A3C8F0E1C1F25F1004BEBA3 /* Release */,
			);
			defaultConfigurationIsVisible = 0;
		};
/* End XCConfigurationList section */
	};
	rootObject = 2A3C8ED61C1F25F1004BEBA3 /* Project object */;
}
